{
  "version": 4,
  "terraform_version": "1.0.0",
  "serial": 4,
  "lineage": "cab81392-b9c2-2bb6-ebb0-ebcc2a10f615",
  "outputs": {},
  "resources": [
    {
      "mode": "managed",
      "type": "digitalocean_droplet",
      "name": "edge",
      "provider": "provider[\"registry.terraform.io/digitalocean/digitalocean\"]",
      "instances": [
        {
          "schema_version": 1,
          "attributes": {
            "backups": false,
            "created_at": "2022-06-04T03:49:36Z",
            "disk": 25,
            "droplet_agent": null,
            "graceful_shutdown": false,
            "id": "302655060",
            "image": "rockylinux-8-x64",
            "ipv4_address": "159.223.40.11",
            "ipv4_address_private": "10.104.0.2",
            "ipv6": false,
            "ipv6_address": "",
            "locked": false,
            "memory": 1024,
            "monitoring": false,
            "name": "edge-0",
            "price_hourly": 0.00744,
            "price_monthly": 5,
            "private_networking": true,
            "region": "sgp1",
            "resize_disk": true,
            "size": "s-1vcpu-1gb",
            "ssh_keys": [
              "e1:81:17:a3:4b:29:ba:91:f1:8c:b4:f0:32:57:09:b9"
            ],
            "status": "active",
            "tags": null,
            "urn": "do:droplet:302655060",
            "user_data": null,
            "vcpus": 1,
            "volume_ids": [],
            "vpc_uuid": "08ec5096-c6f8-4cad-9c6b-ba43eac53f57"
          },
          "sensitive_attributes": [],
          "private": "eyJzY2hlbWFfdmVyc2lvbiI6IjEifQ==",
          "dependencies": [
            "digitalocean_ssh_key.default"
          ]
        }
      ]
    },
    {
      "mode": "managed",
      "type": "digitalocean_ssh_key",
      "name": "default",
      "provider": "provider[\"registry.terraform.io/digitalocean/digitalocean\"]",
      "instances": [
        {
          "schema_version": 0,
          "attributes": {
            "fingerprint": "e1:81:17:a3:4b:29:ba:91:f1:8c:b4:f0:32:57:09:b9",
            "id": "34638294",
            "name": "Default",
            "public_key": "ssh-rsa AAAAB3NzaC1yc2EAAAADAQABAAABgQDHiBd7FW8UavC0nMThPmn/v7d5EVV88aeZfXXSSRYJtW6fUkWnx8wH7HWjYrqMcnPE0zBV/t2g2UGPEu7GUnI5JJa/lCj5C/p/vyoPW+5y06xPcca3gHlz2gjhS1B7HWVoC0g3TkEhIYsTQCDeF0jtlXGBQgf+bS9m27eCAaVKZgWhK5uCNICs3N7iSCGJO9kM3N3bl6YOG2aU7fHETrjswFFctHMmWUNFm1ezpU/zDBXjkgJ9f+IBxcf5JD3aCQK1HwJuH6f3MnWzJFdvAwxW5HeYFljEli0A0I/fWDyKCJQLQV83QIVGuyPfeV2ku+Fj+qW+uXzpSowRAF59R0i22pMMBW1qpl/U92aFIRKGBJxMcC04TFkQAHsiUCfO/C8JDVatPIxv4+bCnVb5UisqRMXp4qZdpXoHugD5ueqNwQlcDklwXc3nIbxcvNakeB9RLvjD9Cm8osPzKajNMq+Z2ixa5bW7j7jr1dUNa5yeu8d2IUD04JRgB0mJzLHR0w0= chammanganti@earth.local\n"
          },
          "sensitive_attributes": [],
          "private": "bnVsbA=="
        }
      ]
    }
  ]
}
